
Microsoft Visual Studio Solution File, Format Version 12.00
# Visual Studio Version 17
VisualStudioVersion = 17.0.31903.59
MinimumVisualStudioVersion = 10.0.40219.1
Project("{2150E333-8FDC-42A3-9474-1A3956D46DE8}") = "src", "src", "{827E0CD3-B72D-47B6-A68D-7590B98EB39B}"
EndProject
Project("{FAE04EC0-301F-11D3-BF4B-00C04F79EFBC}") = "Medipiel.Api", "src\Medipiel.Api\Medipiel.Api.csproj", "{742547A3-0201-4346-AB72-448B44910B30}"
EndProject
Project("{FAE04EC0-301F-11D3-BF4B-00C04F79EFBC}") = "Medipiel.Competitors.Abstractions", "src\Medipiel.Competitors.Abstractions\Medipiel.Competitors.Abstractions.csproj", "{1EB9856B-116E-4BFC-BAE8-9327899B6FF8}"
EndProject
Project("{FAE04EC0-301F-11D3-BF4B-00C04F79EFBC}") = "Medipiel.Competitors.LineaEstetica", "src\Medipiel.Competitors.LineaEstetica\Medipiel.Competitors.LineaEstetica.csproj", "{9B89D9FC-B86C-4594-850A-542F596B547F}"
EndProject
Project("{FAE04EC0-301F-11D3-BF4B-00C04F79EFBC}") = "Medipiel.Competitors.Core", "src\Medipiel.Competitors.Core\Medipiel.Competitors.Core.csproj", "{17A292B6-66D7-42AF-926B-EDA905D9F0BA}"
EndProject
Project("{FAE04EC0-301F-11D3-BF4B-00C04F79EFBC}") = "Medipiel.Competitors.BellaPiel", "src\Medipiel.Competitors.BellaPiel\Medipiel.Competitors.BellaPiel.csproj", "{A181A846-55F6-496E-A23C-C64DEA0EC382}"
EndProject
Project("{FAE04EC0-301F-11D3-BF4B-00C04F79EFBC}") = "Medipiel.Competitors.Farmatodo", "src\Medipiel.Competitors.Farmatodo\Medipiel.Competitors.Farmatodo.csproj", "{5AC98491-8A77-4E54-8140-644515560575}"
EndProject
Project("{FAE04EC0-301F-11D3-BF4B-00C04F79EFBC}") = "Medipiel.Competitors.CruzVerde", "src\Medipiel.Competitors.CruzVerde\Medipiel.Competitors.CruzVerde.csproj", "{DF580BFC-E3E7-4381-9407-A99179D71B61}"
EndProject
Project("{FAE04EC0-301F-11D3-BF4B-00C04F79EFBC}") = "Medipiel.Competitors.Medipiel", "src\Medipiel.Competitors.Medipiel\Medipiel.Competitors.Medipiel.csproj", "{DD10320E-1264-48D0-882C-3090C0A999BF}"
EndProject
Global
	GlobalSection(SolutionConfigurationPlatforms) = preSolution
		Debug|Any CPU = Debug|Any CPU
		Debug|x64 = Debug|x64
		Debug|x86 = Debug|x86
		Release|Any CPU = Release|Any CPU
		Release|x64 = Release|x64
		Release|x86 = Release|x86
	EndGlobalSection
	GlobalSection(ProjectConfigurationPlatforms) = postSolution
		{742547A3-0201-4346-AB72-448B44910B30}.Debug|Any CPU.ActiveCfg = Debug|Any CPU
		{742547A3-0201-4346-AB72-448B44910B30}.Debug|Any CPU.Build.0 = Debug|Any CPU
		{742547A3-0201-4346-AB72-448B44910B30}.Debug|x64.ActiveCfg = Debug|Any CPU
		{742547A3-0201-4346-AB72-448B44910B30}.Debug|x64.Build.0 = Debug|Any CPU
		{742547A3-0201-4346-AB72-448B44910B30}.Debug|x86.ActiveCfg = Debug|Any CPU
		{742547A3-0201-4346-AB72-448B44910B30}.Debug|x86.Build.0 = Debug|Any CPU
		{742547A3-0201-4346-AB72-448B44910B30}.Release|Any CPU.ActiveCfg = Release|Any CPU
		{742547A3-0201-4346-AB72-448B44910B30}.Release|Any CPU.Build.0 = Release|Any CPU
		{742547A3-0201-4346-AB72-448B44910B30}.Release|x64.ActiveCfg = Release|Any CPU
		{742547A3-0201-4346-AB72-448B44910B30}.Release|x64.Build.0 = Release|Any CPU
		{742547A3-0201-4346-AB72-448B44910B30}.Release|x86.ActiveCfg = Release|Any CPU
		{742547A3-0201-4346-AB72-448B44910B30}.Release|x86.Build.0 = Release|Any CPU
		{1EB9856B-116E-4BFC-BAE8-9327899B6FF8}.Debug|Any CPU.ActiveCfg = Debug|Any CPU
		{1EB9856B-116E-4BFC-BAE8-9327899B6FF8}.Debug|Any CPU.Build.0 = Debug|Any CPU
		{1EB9856B-116E-4BFC-BAE8-9327899B6FF8}.Debug|x64.ActiveCfg = Debug|Any CPU
		{1EB9856B-116E-4BFC-BAE8-9327899B6FF8}.Debug|x64.Build.0 = Debug|Any CPU
		{1EB9856B-116E-4BFC-BAE8-9327899B6FF8}.Debug|x86.ActiveCfg = Debug|Any CPU
		{1EB9856B-116E-4BFC-BAE8-9327899B6FF8}.Debug|x86.Build.0 = Debug|Any CPU
		{1EB9856B-116E-4BFC-BAE8-9327899B6FF8}.Release|Any CPU.ActiveCfg = Release|Any CPU
		{1EB9856B-116E-4BFC-BAE8-9327899B6FF8}.Release|Any CPU.Build.0 = Release|Any CPU
		{1EB9856B-116E-4BFC-BAE8-9327899B6FF8}.Release|x64.ActiveCfg = Release|Any CPU
		{1EB9856B-116E-4BFC-BAE8-9327899B6FF8}.Release|x64.Build.0 = Release|Any CPU
		{1EB9856B-116E-4BFC-BAE8-9327899B6FF8}.Release|x86.ActiveCfg = Release|Any CPU
		{1EB9856B-116E-4BFC-BAE8-9327899B6FF8}.Release|x86.Build.0 = Release|Any CPU
		{9B89D9FC-B86C-4594-850A-542F596B547F}.Debug|Any CPU.ActiveCfg = Debug|Any CPU
		{9B89D9FC-B86C-4594-850A-542F596B547F}.Debug|Any CPU.Build.0 = Debug|Any CPU
		{9B89D9FC-B86C-4594-850A-542F596B547F}.Debug|x64.ActiveCfg = Debug|Any CPU
		{9B89D9FC-B86C-4594-850A-542F596B547F}.Debug|x64.Build.0 = Debug|Any CPU
		{9B89D9FC-B86C-4594-850A-542F596B547F}.Debug|x86.ActiveCfg = Debug|Any CPU
		{9B89D9FC-B86C-4594-850A-542F596B547F}.Debug|x86.Build.0 = Debug|Any CPU
		{9B89D9FC-B86C-4594-850A-542F596B547F}.Release|Any CPU.ActiveCfg = Release|Any CPU
		{9B89D9FC-B86C-4594-850A-542F596B547F}.Release|Any CPU.Build.0 = Release|Any CPU
		{9B89D9FC-B86C-4594-850A-542F596B547F}.Release|x64.ActiveCfg = Release|Any CPU
		{9B89D9FC-B86C-4594-850A-542F596B547F}.Release|x64.Build.0 = Release|Any CPU
		{9B89D9FC-B86C-4594-850A-542F596B547F}.Release|x86.ActiveCfg = Release|Any CPU
		{9B89D9FC-B86C-4594-850A-542F596B547F}.Release|x86.Build.0 = Release|Any CPU
		{17A292B6-66D7-42AF-926B-EDA905D9F0BA}.Debug|Any CPU.ActiveCfg = Debug|Any CPU
		{17A292B6-66D7-42AF-926B-EDA905D9F0BA}.Debug|Any CPU.Build.0 = Debug|Any CPU
		{17A292B6-66D7-42AF-926B-EDA905D9F0BA}.Debug|x64.ActiveCfg = Debug|Any CPU
		{17A292B6-66D7-42AF-926B-EDA905D9F0BA}.Debug|x64.Build.0 = Debug|Any CPU
		{17A292B6-66D7-42AF-926B-EDA905D9F0BA}.Debug|x86.ActiveCfg = Debug|Any CPU
		{17A292B6-66D7-42AF-926B-EDA905D9F0BA}.Debug|x86.Build.0 = Debug|Any CPU
		{17A292B6-66D7-42AF-926B-EDA905D9F0BA}.Release|Any CPU.ActiveCfg = Release|Any CPU
		{17A292B6-66D7-42AF-926B-EDA905D9F0BA}.Release|Any CPU.Build.0 = Release|Any CPU
		{17A292B6-66D7-42AF-926B-EDA905D9F0BA}.Release|x64.ActiveCfg = Release|Any CPU
		{17A292B6-66D7-42AF-926B-EDA905D9F0BA}.Release|x64.Build.0 = Release|Any CPU
		{17A292B6-66D7-42AF-926B-EDA905D9F0BA}.Release|x86.ActiveCfg = Release|Any CPU
		{17A292B6-66D7-42AF-926B-EDA905D9F0BA}.Release|x86.Build.0 = Release|Any CPU
		{A181A846-55F6-496E-A23C-C64DEA0EC382}.Debug|Any CPU.ActiveCfg = Debug|Any CPU
		{A181A846-55F6-496E-A23C-C64DEA0EC382}.Debug|Any CPU.Build.0 = Debug|Any CPU
		{A181A846-55F6-496E-A23C-C64DEA0EC382}.Debug|x64.ActiveCfg = Debug|Any CPU
		{A181A846-55F6-496E-A23C-C64DEA0EC382}.Debug|x64.Build.0 = Debug|Any CPU
		{A181A846-55F6-496E-A23C-C64DEA0EC382}.Debug|x86.ActiveCfg = Debug|Any CPU
		{A181A846-55F6-496E-A23C-C64DEA0EC382}.Debug|x86.Build.0 = Debug|Any CPU
		{A181A846-55F6-496E-A23C-C64DEA0EC382}.Release|Any CPU.ActiveCfg = Release|Any CPU
		{A181A846-55F6-496E-A23C-C64DEA0EC382}.Release|Any CPU.Build.0 = Release|Any CPU
		{A181A846-55F6-496E-A23C-C64DEA0EC382}.Release|x64.ActiveCfg = Release|Any CPU
		{A181A846-55F6-496E-A23C-C64DEA0EC382}.Release|x64.Build.0 = Release|Any CPU
		{A181A846-55F6-496E-A23C-C64DEA0EC382}.Release|x86.ActiveCfg = Release|Any CPU
		{A181A846-55F6-496E-A23C-C64DEA0EC382}.Release|x86.Build.0 = Release|Any CPU
		{5AC98491-8A77-4E54-8140-644515560575}.Debug|Any CPU.ActiveCfg = Debug|Any CPU
		{5AC98491-8A77-4E54-8140-644515560575}.Debug|Any CPU.Build.0 = Debug|Any CPU
		{5AC98491-8A77-4E54-8140-644515560575}.Debug|x64.ActiveCfg = Debug|Any CPU
		{5AC98491-8A77-4E54-8140-644515560575}.Debug|x64.Build.0 = Debug|Any CPU
		{5AC98491-8A77-4E54-8140-644515560575}.Debug|x86.ActiveCfg = Debug|Any CPU
		{5AC98491-8A77-4E54-8140-644515560575}.Debug|x86.Build.0 = Debug|Any CPU
		{5AC98491-8A77-4E54-8140-644515560575}.Release|Any CPU.ActiveCfg = Release|Any CPU
		{5AC98491-8A77-4E54-8140-644515560575}.Release|Any CPU.Build.0 = Release|Any CPU
		{5AC98491-8A77-4E54-8140-644515560575}.Release|x64.ActiveCfg = Release|Any CPU
		{5AC98491-8A77-4E54-8140-644515560575}.Release|x64.Build.0 = Release|Any CPU
		{5AC98491-8A77-4E54-8140-644515560575}.Release|x86.ActiveCfg = Release|Any CPU
		{5AC98491-8A77-4E54-8140-644515560575}.Release|x86.Build.0 = Release|Any CPU
		{DF580BFC-E3E7-4381-9407-A99179D71B61}.Debug|Any CPU.ActiveCfg = Debug|Any CPU
		{DF580BFC-E3E7-4381-9407-A99179D71B61}.Debug|Any CPU.Build.0 = Debug|Any CPU
		{DF580BFC-E3E7-4381-9407-A99179D71B61}.Debug|x64.ActiveCfg = Debug|Any CPU
		{DF580BFC-E3E7-4381-9407-A99179D71B61}.Debug|x64.Build.0 = Debug|Any CPU
		{DF580BFC-E3E7-4381-9407-A99179D71B61}.Debug|x86.ActiveCfg = Debug|Any CPU
		{DF580BFC-E3E7-4381-9407-A99179D71B61}.Debug|x86.Build.0 = Debug|Any CPU
		{DF580BFC-E3E7-4381-9407-A99179D71B61}.Release|Any CPU.ActiveCfg = Release|Any CPU
		{DF580BFC-E3E7-4381-9407-A99179D71B61}.Release|Any CPU.Build.0 = Release|Any CPU
		{DF580BFC-E3E7-4381-9407-A99179D71B61}.Release|x64.ActiveCfg = Release|Any CPU
		{DF580BFC-E3E7-4381-9407-A99179D71B61}.Release|x64.Build.0 = Release|Any CPU
		{DF580BFC-E3E7-4381-9407-A99179D71B61}.Release|x86.ActiveCfg = Release|Any CPU
		{DF580BFC-E3E7-4381-9407-A99179D71B61}.Release|x86.Build.0 = Release|Any CPU
		{DD10320E-1264-48D0-882C-3090C0A999BF}.Debug|Any CPU.ActiveCfg = Debug|Any CPU
		{DD10320E-1264-48D0-882C-3090C0A999BF}.Debug|Any CPU.Build.0 = Debug|Any CPU
		{DD10320E-1264-48D0-882C-3090C0A999BF}.Debug|x64.ActiveCfg = Debug|Any CPU
		{DD10320E-1264-48D0-882C-3090C0A999BF}.Debug|x64.Build.0 = Debug|Any CPU
		{DD10320E-1264-48D0-882C-3090C0A999BF}.Debug|x86.ActiveCfg = Debug|Any CPU
		{DD10320E-1264-48D0-882C-3090C0A999BF}.Debug|x86.Build.0 = Debug|Any CPU
		{DD10320E-1264-48D0-882C-3090C0A999BF}.Release|Any CPU.ActiveCfg = Release|Any CPU
		{DD10320E-1264-48D0-882C-3090C0A999BF}.Release|Any CPU.Build.0 = Release|Any CPU
		{DD10320E-1264-48D0-882C-3090C0A999BF}.Release|x64.ActiveCfg = Release|Any CPU
		{DD10320E-1264-48D0-882C-3090C0A999BF}.Release|x64.Build.0 = Release|Any CPU
		{DD10320E-1264-48D0-882C-3090C0A999BF}.Release|x86.ActiveCfg = Release|Any CPU
		{DD10320E-1264-48D0-882C-3090C0A999BF}.Release|x86.Build.0 = Release|Any CPU
	EndGlobalSection
	GlobalSection(SolutionProperties) = preSolution
		HideSolutionNode = FALSE
	EndGlobalSection
	GlobalSection(NestedProjects) = preSolution
		{742547A3-0201-4346-AB72-448B44910B30} = {827E0CD3-B72D-47B6-A68D-7590B98EB39B}
		{1EB9856B-116E-4BFC-BAE8-9327899B6FF8} = {827E0CD3-B72D-47B6-A68D-7590B98EB39B}
		{9B89D9FC-B86C-4594-850A-542F596B547F} = {827E0CD3-B72D-47B6-A68D-7590B98EB39B}
		{17A292B6-66D7-42AF-926B-EDA905D9F0BA} = {827E0CD3-B72D-47B6-A68D-7590B98EB39B}
		{A181A846-55F6-496E-A23C-C64DEA0EC382} = {827E0CD3-B72D-47B6-A68D-7590B98EB39B}
		{5AC98491-8A77-4E54-8140-644515560575} = {827E0CD3-B72D-47B6-A68D-7590B98EB39B}
		{DF580BFC-E3E7-4381-9407-A99179D71B61} = {827E0CD3-B72D-47B6-A68D-7590B98EB39B}
		{DD10320E-1264-48D0-882C-3090C0A999BF} = {827E0CD3-B72D-47B6-A68D-7590B98EB39B}
	EndGlobalSection
EndGlobal
